
Microsoft Visual Studio Solution File, Format Version 12.00
# Visual Studio 2013
VisualStudioVersion = 12.0.31101.0
MinimumVisualStudioVersion = 10.0.40219.1
Project("{FAE04EC0-301F-11D3-BF4B-00C04F79EFBC}") = "KdSoft.Common.VeryPortable", "KdSoft.Common.VeryPortable\KdSoft.Common.VeryPortable.csproj", "{E1E92289-C0A9-4B67-9731-A93899AA54EB}"
EndProject
Project("{FAE04EC0-301F-11D3-BF4B-00C04F79EFBC}") = "KdSoft.StorageBase", "KdSoft.StorageBase\KdSoft.StorageBase.csproj", "{DDABD70C-1B17-4D5A-945B-219B488A8AE9}"
EndProject
Project("{FAE04EC0-301F-11D3-BF4B-00C04F79EFBC}") = "KdSoft.TransientStorage", "KdSoft.TransientStorage\KdSoft.TransientStorage.csproj", "{C250B017-B255-474F-8B1B-471E2C498F02}"
EndProject
Project("{FAE04EC0-301F-11D3-BF4B-00C04F79EFBC}") = "KdSoft.Utils", "KdSoft.Utils\KdSoft.Utils.csproj", "{60891736-D38F-43DA-A322-7A707B5FFBB8}"
EndProject
Project("{FAE04EC0-301F-11D3-BF4B-00C04F79EFBC}") = "KdSoft.Utils.Portable", "KdSoft.Utils.Portable\KdSoft.Utils.Portable.csproj", "{0EC2013E-BE48-438B-8432-02EA716DCE4E}"
EndProject
Project("{FAE04EC0-301F-11D3-BF4B-00C04F79EFBC}") = "KdSoft.Utils.VeryPortable", "KdSoft.Utils.VeryPortable\KdSoft.Utils.VeryPortable.csproj", "{E8344381-1CE4-4DD9-B51E-3F654CF7984A}"
EndProject
Project("{FAE04EC0-301F-11D3-BF4B-00C04F79EFBC}") = "KdSoft.Reflection", "KdSoft.Reflection\KdSoft.Reflection.csproj", "{AAA10B17-6942-4B40-AFEE-86266090F998}"
EndProject
Project("{FAE04EC0-301F-11D3-BF4B-00C04F79EFBC}") = "KdSoft.CodeConfig", "KdSoft.CodeConfig\KdSoft.CodeConfig.csproj", "{B24E5D2C-B932-417B-95B8-9D107D5BE31A}"
EndProject
Project("{2150E333-8FDC-42A3-9474-1A3956D46DE8}") = "Xpea", "Xpea", "{84F583DD-350D-4109-BD8B-5084B18DC029}"
EndProject
Project("{FAE04EC0-301F-11D3-BF4B-00C04F79EFBC}") = "Xpea", "Xpea\Xpea\Xpea.csproj", "{AC1CED04-8049-4D89-8FD7-B5F165B4CA66}"
EndProject
Project("{FAE04EC0-301F-11D3-BF4B-00C04F79EFBC}") = "XpeaImpl", "Xpea\XpeaImpl\XpeaImpl.csproj", "{61D11504-F954-4948-8FF2-349637A42BC3}"
EndProject
Project("{FAE04EC0-301F-11D3-BF4B-00C04F79EFBC}") = "XpeaXmlReader", "XpeaAdapters\XpeaXmlReader\XpeaXmlReader.csproj", "{C364F368-8C65-4B3C-A38A-88B964DF7BBE}"
EndProject
Project("{2150E333-8FDC-42A3-9474-1A3956D46DE8}") = "Demo", "Demo", "{FACBA1D7-58B9-4280-91E3-63D1D07AE60F}"
EndProject
Project("{FAE04EC0-301F-11D3-BF4B-00C04F79EFBC}") = "Basic", "XpeaAdapters\Demo\Basic\Basic.csproj", "{D71704E6-2AFE-4699-8CC0-C4F7E924BCE2}"
EndProject
Project("{FAE04EC0-301F-11D3-BF4B-00C04F79EFBC}") = "Common", "XpeaAdapters\Demo\Common\Common.csproj", "{92DF73E7-FA00-4F0A-A261-24269985100E}"
EndProject
Project("{FAE04EC0-301F-11D3-BF4B-00C04F79EFBC}") = "Transform", "XpeaAdapters\Demo\Transform\Transform.csproj", "{0EE80E47-E0CE-46C5-888B-FB835069D6E6}"
EndProject
Project("{FAE04EC0-301F-11D3-BF4B-00C04F79EFBC}") = "KdsText", "Text\KdsText.csproj", "{37510AF2-0F14-4D27-AB49-3D11B1F2C9B9}"
EndProject
Project("{FAE04EC0-301F-11D3-BF4B-00C04F79EFBC}") = "XpeaSax", "XpeaAdapters\XpeaSax\XpeaSax.csproj", "{0C59C483-8834-42A3-B35A-932EDDC63FC7}"
EndProject
Project("{FAE04EC0-301F-11D3-BF4B-00C04F79EFBC}") = "Org.System.Xml", "Org.System.Xml\Org.System.Xml.csproj", "{DD083E56-281D-4B52-AA6E-F50CBEE5B56F}"
EndProject
Global
	GlobalSection(SolutionConfigurationPlatforms) = preSolution
		Debug|Any CPU = Debug|Any CPU
		Release|Any CPU = Release|Any CPU
	EndGlobalSection
	GlobalSection(ProjectConfigurationPlatforms) = postSolution
		{E1E92289-C0A9-4B67-9731-A93899AA54EB}.Debug|Any CPU.ActiveCfg = Debug|Any CPU
		{E1E92289-C0A9-4B67-9731-A93899AA54EB}.Debug|Any CPU.Build.0 = Debug|Any CPU
		{E1E92289-C0A9-4B67-9731-A93899AA54EB}.Release|Any CPU.ActiveCfg = Release|Any CPU
		{E1E92289-C0A9-4B67-9731-A93899AA54EB}.Release|Any CPU.Build.0 = Release|Any CPU
		{DDABD70C-1B17-4D5A-945B-219B488A8AE9}.Debug|Any CPU.ActiveCfg = Debug|Any CPU
		{DDABD70C-1B17-4D5A-945B-219B488A8AE9}.Debug|Any CPU.Build.0 = Debug|Any CPU
		{DDABD70C-1B17-4D5A-945B-219B488A8AE9}.Release|Any CPU.ActiveCfg = Release|Any CPU
		{DDABD70C-1B17-4D5A-945B-219B488A8AE9}.Release|Any CPU.Build.0 = Release|Any CPU
		{C250B017-B255-474F-8B1B-471E2C498F02}.Debug|Any CPU.ActiveCfg = Debug|Any CPU
		{C250B017-B255-474F-8B1B-471E2C498F02}.Debug|Any CPU.Build.0 = Debug|Any CPU
		{C250B017-B255-474F-8B1B-471E2C498F02}.Release|Any CPU.ActiveCfg = Release|Any CPU
		{C250B017-B255-474F-8B1B-471E2C498F02}.Release|Any CPU.Build.0 = Release|Any CPU
		{60891736-D38F-43DA-A322-7A707B5FFBB8}.Debug|Any CPU.ActiveCfg = Debug|Any CPU
		{60891736-D38F-43DA-A322-7A707B5FFBB8}.Debug|Any CPU.Build.0 = Debug|Any CPU
		{60891736-D38F-43DA-A322-7A707B5FFBB8}.Release|Any CPU.ActiveCfg = Release|Any CPU
		{60891736-D38F-43DA-A322-7A707B5FFBB8}.Release|Any CPU.Build.0 = Release|Any CPU
		{0EC2013E-BE48-438B-8432-02EA716DCE4E}.Debug|Any CPU.ActiveCfg = Debug|Any CPU
		{0EC2013E-BE48-438B-8432-02EA716DCE4E}.Debug|Any CPU.Build.0 = Debug|Any CPU
		{0EC2013E-BE48-438B-8432-02EA716DCE4E}.Release|Any CPU.ActiveCfg = Release|Any CPU
		{0EC2013E-BE48-438B-8432-02EA716DCE4E}.Release|Any CPU.Build.0 = Release|Any CPU
		{E8344381-1CE4-4DD9-B51E-3F654CF7984A}.Debug|Any CPU.ActiveCfg = Debug|Any CPU
		{E8344381-1CE4-4DD9-B51E-3F654CF7984A}.Debug|Any CPU.Build.0 = Debug|Any CPU
		{E8344381-1CE4-4DD9-B51E-3F654CF7984A}.Release|Any CPU.ActiveCfg = Release|Any CPU
		{E8344381-1CE4-4DD9-B51E-3F654CF7984A}.Release|Any CPU.Build.0 = Release|Any CPU
		{AAA10B17-6942-4B40-AFEE-86266090F998}.Debug|Any CPU.ActiveCfg = Debug|Any CPU
		{AAA10B17-6942-4B40-AFEE-86266090F998}.Debug|Any CPU.Build.0 = Debug|Any CPU
		{AAA10B17-6942-4B40-AFEE-86266090F998}.Release|Any CPU.ActiveCfg = Release|Any CPU
		{AAA10B17-6942-4B40-AFEE-86266090F998}.Release|Any CPU.Build.0 = Release|Any CPU
		{B24E5D2C-B932-417B-95B8-9D107D5BE31A}.Debug|Any CPU.ActiveCfg = Debug|Any CPU
		{B24E5D2C-B932-417B-95B8-9D107D5BE31A}.Debug|Any CPU.Build.0 = Debug|Any CPU
		{B24E5D2C-B932-417B-95B8-9D107D5BE31A}.Release|Any CPU.ActiveCfg = Release|Any CPU
		{B24E5D2C-B932-417B-95B8-9D107D5BE31A}.Release|Any CPU.Build.0 = Release|Any CPU
		{AC1CED04-8049-4D89-8FD7-B5F165B4CA66}.Debug|Any CPU.ActiveCfg = Debug|Any CPU
		{AC1CED04-8049-4D89-8FD7-B5F165B4CA66}.Debug|Any CPU.Build.0 = Debug|Any CPU
		{AC1CED04-8049-4D89-8FD7-B5F165B4CA66}.Release|Any CPU.ActiveCfg = Release|Any CPU
		{AC1CED04-8049-4D89-8FD7-B5F165B4CA66}.Release|Any CPU.Build.0 = Release|Any CPU
		{61D11504-F954-4948-8FF2-349637A42BC3}.Debug|Any CPU.ActiveCfg = Debug|Any CPU
		{61D11504-F954-4948-8FF2-349637A42BC3}.Debug|Any CPU.Build.0 = Debug|Any CPU
		{61D11504-F954-4948-8FF2-349637A42BC3}.Release|Any CPU.ActiveCfg = Release|Any CPU
		{61D11504-F954-4948-8FF2-349637A42BC3}.Release|Any CPU.Build.0 = Release|Any CPU
		{C364F368-8C65-4B3C-A38A-88B964DF7BBE}.Debug|Any CPU.ActiveCfg = Debug|Any CPU
		{C364F368-8C65-4B3C-A38A-88B964DF7BBE}.Debug|Any CPU.Build.0 = Debug|Any CPU
		{C364F368-8C65-4B3C-A38A-88B964DF7BBE}.Release|Any CPU.ActiveCfg = Release|Any CPU
		{C364F368-8C65-4B3C-A38A-88B964DF7BBE}.Release|Any CPU.Build.0 = Release|Any CPU
		{D71704E6-2AFE-4699-8CC0-C4F7E924BCE2}.Debug|Any CPU.ActiveCfg = Debug|Any CPU
		{D71704E6-2AFE-4699-8CC0-C4F7E924BCE2}.Debug|Any CPU.Build.0 = Debug|Any CPU
		{D71704E6-2AFE-4699-8CC0-C4F7E924BCE2}.Release|Any CPU.ActiveCfg = Release|Any CPU
		{D71704E6-2AFE-4699-8CC0-C4F7E924BCE2}.Release|Any CPU.Build.0 = Release|Any CPU
		{92DF73E7-FA00-4F0A-A261-24269985100E}.Debug|Any CPU.ActiveCfg = Debug|Any CPU
		{92DF73E7-FA00-4F0A-A261-24269985100E}.Debug|Any CPU.Build.0 = Debug|Any CPU
		{92DF73E7-FA00-4F0A-A261-24269985100E}.Release|Any CPU.ActiveCfg = Release|Any CPU
		{92DF73E7-FA00-4F0A-A261-24269985100E}.Release|Any CPU.Build.0 = Release|Any CPU
		{0EE80E47-E0CE-46C5-888B-FB835069D6E6}.Debug|Any CPU.ActiveCfg = Debug|Any CPU
		{0EE80E47-E0CE-46C5-888B-FB835069D6E6}.Debug|Any CPU.Build.0 = Debug|Any CPU
		{0EE80E47-E0CE-46C5-888B-FB835069D6E6}.Release|Any CPU.ActiveCfg = Release|Any CPU
		{0EE80E47-E0CE-46C5-888B-FB835069D6E6}.Release|Any CPU.Build.0 = Release|Any CPU
		{37510AF2-0F14-4D27-AB49-3D11B1F2C9B9}.Debug|Any CPU.ActiveCfg = Debug|Any CPU
		{37510AF2-0F14-4D27-AB49-3D11B1F2C9B9}.Debug|Any CPU.Build.0 = Debug|Any CPU
		{37510AF2-0F14-4D27-AB49-3D11B1F2C9B9}.Release|Any CPU.ActiveCfg = Release|Any CPU
		{37510AF2-0F14-4D27-AB49-3D11B1F2C9B9}.Release|Any CPU.Build.0 = Release|Any CPU
		{0C59C483-8834-42A3-B35A-932EDDC63FC7}.Debug|Any CPU.ActiveCfg = Debug|Any CPU
		{0C59C483-8834-42A3-B35A-932EDDC63FC7}.Debug|Any CPU.Build.0 = Debug|Any CPU
		{0C59C483-8834-42A3-B35A-932EDDC63FC7}.Release|Any CPU.ActiveCfg = Release|Any CPU
		{0C59C483-8834-42A3-B35A-932EDDC63FC7}.Release|Any CPU.Build.0 = Release|Any CPU
		{DD083E56-281D-4B52-AA6E-F50CBEE5B56F}.Debug|Any CPU.ActiveCfg = Debug|Any CPU
		{DD083E56-281D-4B52-AA6E-F50CBEE5B56F}.Debug|Any CPU.Build.0 = Debug|Any CPU
		{DD083E56-281D-4B52-AA6E-F50CBEE5B56F}.Release|Any CPU.ActiveCfg = Release|Any CPU
		{DD083E56-281D-4B52-AA6E-F50CBEE5B56F}.Release|Any CPU.Build.0 = Release|Any CPU
	EndGlobalSection
	GlobalSection(SolutionProperties) = preSolution
		HideSolutionNode = FALSE
	EndGlobalSection
	GlobalSection(NestedProjects) = preSolution
		{AC1CED04-8049-4D89-8FD7-B5F165B4CA66} = {84F583DD-350D-4109-BD8B-5084B18DC029}
		{61D11504-F954-4948-8FF2-349637A42BC3} = {84F583DD-350D-4109-BD8B-5084B18DC029}
		{C364F368-8C65-4B3C-A38A-88B964DF7BBE} = {84F583DD-350D-4109-BD8B-5084B18DC029}
		{FACBA1D7-58B9-4280-91E3-63D1D07AE60F} = {84F583DD-350D-4109-BD8B-5084B18DC029}
		{D71704E6-2AFE-4699-8CC0-C4F7E924BCE2} = {FACBA1D7-58B9-4280-91E3-63D1D07AE60F}
		{92DF73E7-FA00-4F0A-A261-24269985100E} = {FACBA1D7-58B9-4280-91E3-63D1D07AE60F}
		{0EE80E47-E0CE-46C5-888B-FB835069D6E6} = {FACBA1D7-58B9-4280-91E3-63D1D07AE60F}
		{0C59C483-8834-42A3-B35A-932EDDC63FC7} = {84F583DD-350D-4109-BD8B-5084B18DC029}
	EndGlobalSection
EndGlobal
