
Microsoft Visual Studio Solution File, Format Version 12.00
# Visual Studio 14
VisualStudioVersion = 14.0.24720.0
MinimumVisualStudioVersion = 10.0.40219.1
Project("{8BB2217D-0F2D-49D1-97BC-3654ED321F3B}") = "KdSoft.Reflection", "KdSoft.Reflection\KdSoft.Reflection.xproj", "{271385C7-CB41-40FE-A7D8-C32399365D36}"
EndProject
Project("{8BB2217D-0F2D-49D1-97BC-3654ED321F3B}") = "KdSoft.CodeConfig", "KdSoft.CodeConfig\KdSoft.CodeConfig.xproj", "{F0764048-CEFC-454C-8B29-6447E21024FA}"
EndProject
Project("{8BB2217D-0F2D-49D1-97BC-3654ED321F3B}") = "KdSoft.Utils.VeryPortable", "KdSoft.Utils.VeryPortable\KdSoft.Utils.VeryPortable.xproj", "{DD34DC07-EE45-4B02-A18E-14D22E028EAF}"
EndProject
Project("{8BB2217D-0F2D-49D1-97BC-3654ED321F3B}") = "KdSoft.Utils.Portable", "KdSoft.Utils.Portable\KdSoft.Utils.Portable.xproj", "{602B0319-376C-4EB6-A2E2-B093F8670F36}"
EndProject
Project("{8BB2217D-0F2D-49D1-97BC-3654ED321F3B}") = "KdSoft.Utils", "KdSoft.Utils\KdSoft.Utils.xproj", "{F21C6AEC-188C-4792-B8E6-E4A4DD3A113B}"
EndProject
Project("{8BB2217D-0F2D-49D1-97BC-3654ED321F3B}") = "KdSoft.Common.VeryPortable", "KdSoft.Common.VeryPortable\KdSoft.Common.VeryPortable.xproj", "{85E24FCE-2DCF-4AEF-A171-AB23101D5645}"
EndProject
Project("{8BB2217D-0F2D-49D1-97BC-3654ED321F3B}") = "KdSoft.StorageBase", "KdSoft.StorageBase\KdSoft.StorageBase.xproj", "{7EABEDAB-C8AE-43E2-90C1-FCC880D160FC}"
EndProject
Project("{8BB2217D-0F2D-49D1-97BC-3654ED321F3B}") = "KdSoft.TransientStorage", "KdSoft.TransientStorage\KdSoft.TransientStorage.xproj", "{9FDFBDF6-CDA5-4C28-B888-6E1B8293D198}"
EndProject
Project("{8BB2217D-0F2D-49D1-97BC-3654ED321F3B}") = "KdSoft.Utils.Tests", "KdSoft.Utils.Tests\KdSoft.Utils.Tests.xproj", "{85D0131A-72F7-42AA-BDA1-80AB2000EEDD}"
EndProject
Project("{8BB2217D-0F2D-49D1-97BC-3654ED321F3B}") = "KdSoft.Reflection.Portable", "KdSoft.Reflection.Portable\KdSoft.Reflection.Portable.xproj", "{7CFAC2E5-2BFE-4860-B474-CD72FF83254B}"
EndProject
Global
	GlobalSection(SolutionConfigurationPlatforms) = preSolution
		Debug|Any CPU = Debug|Any CPU
		Release|Any CPU = Release|Any CPU
	EndGlobalSection
	GlobalSection(ProjectConfigurationPlatforms) = postSolution
		{271385C7-CB41-40FE-A7D8-C32399365D36}.Debug|Any CPU.ActiveCfg = Debug|Any CPU
		{271385C7-CB41-40FE-A7D8-C32399365D36}.Debug|Any CPU.Build.0 = Debug|Any CPU
		{271385C7-CB41-40FE-A7D8-C32399365D36}.Release|Any CPU.ActiveCfg = Release|Any CPU
		{271385C7-CB41-40FE-A7D8-C32399365D36}.Release|Any CPU.Build.0 = Release|Any CPU
		{F0764048-CEFC-454C-8B29-6447E21024FA}.Debug|Any CPU.ActiveCfg = Debug|Any CPU
		{F0764048-CEFC-454C-8B29-6447E21024FA}.Debug|Any CPU.Build.0 = Debug|Any CPU
		{F0764048-CEFC-454C-8B29-6447E21024FA}.Release|Any CPU.ActiveCfg = Release|Any CPU
		{F0764048-CEFC-454C-8B29-6447E21024FA}.Release|Any CPU.Build.0 = Release|Any CPU
		{DD34DC07-EE45-4B02-A18E-14D22E028EAF}.Debug|Any CPU.ActiveCfg = Debug|Any CPU
		{DD34DC07-EE45-4B02-A18E-14D22E028EAF}.Debug|Any CPU.Build.0 = Debug|Any CPU
		{DD34DC07-EE45-4B02-A18E-14D22E028EAF}.Release|Any CPU.ActiveCfg = Release|Any CPU
		{DD34DC07-EE45-4B02-A18E-14D22E028EAF}.Release|Any CPU.Build.0 = Release|Any CPU
		{602B0319-376C-4EB6-A2E2-B093F8670F36}.Debug|Any CPU.ActiveCfg = Debug|Any CPU
		{602B0319-376C-4EB6-A2E2-B093F8670F36}.Debug|Any CPU.Build.0 = Debug|Any CPU
		{602B0319-376C-4EB6-A2E2-B093F8670F36}.Release|Any CPU.ActiveCfg = Release|Any CPU
		{602B0319-376C-4EB6-A2E2-B093F8670F36}.Release|Any CPU.Build.0 = Release|Any CPU
		{F21C6AEC-188C-4792-B8E6-E4A4DD3A113B}.Debug|Any CPU.ActiveCfg = Debug|Any CPU
		{F21C6AEC-188C-4792-B8E6-E4A4DD3A113B}.Debug|Any CPU.Build.0 = Debug|Any CPU
		{F21C6AEC-188C-4792-B8E6-E4A4DD3A113B}.Release|Any CPU.ActiveCfg = Release|Any CPU
		{F21C6AEC-188C-4792-B8E6-E4A4DD3A113B}.Release|Any CPU.Build.0 = Release|Any CPU
		{85E24FCE-2DCF-4AEF-A171-AB23101D5645}.Debug|Any CPU.ActiveCfg = Debug|Any CPU
		{85E24FCE-2DCF-4AEF-A171-AB23101D5645}.Debug|Any CPU.Build.0 = Debug|Any CPU
		{85E24FCE-2DCF-4AEF-A171-AB23101D5645}.Release|Any CPU.ActiveCfg = Release|Any CPU
		{85E24FCE-2DCF-4AEF-A171-AB23101D5645}.Release|Any CPU.Build.0 = Release|Any CPU
		{7EABEDAB-C8AE-43E2-90C1-FCC880D160FC}.Debug|Any CPU.ActiveCfg = Debug|Any CPU
		{7EABEDAB-C8AE-43E2-90C1-FCC880D160FC}.Debug|Any CPU.Build.0 = Debug|Any CPU
		{7EABEDAB-C8AE-43E2-90C1-FCC880D160FC}.Release|Any CPU.ActiveCfg = Release|Any CPU
		{7EABEDAB-C8AE-43E2-90C1-FCC880D160FC}.Release|Any CPU.Build.0 = Release|Any CPU
		{9FDFBDF6-CDA5-4C28-B888-6E1B8293D198}.Debug|Any CPU.ActiveCfg = Debug|Any CPU
		{9FDFBDF6-CDA5-4C28-B888-6E1B8293D198}.Debug|Any CPU.Build.0 = Debug|Any CPU
		{9FDFBDF6-CDA5-4C28-B888-6E1B8293D198}.Release|Any CPU.ActiveCfg = Release|Any CPU
		{9FDFBDF6-CDA5-4C28-B888-6E1B8293D198}.Release|Any CPU.Build.0 = Release|Any CPU
		{85D0131A-72F7-42AA-BDA1-80AB2000EEDD}.Debug|Any CPU.ActiveCfg = Debug|Any CPU
		{85D0131A-72F7-42AA-BDA1-80AB2000EEDD}.Debug|Any CPU.Build.0 = Debug|Any CPU
		{85D0131A-72F7-42AA-BDA1-80AB2000EEDD}.Release|Any CPU.ActiveCfg = Release|Any CPU
		{85D0131A-72F7-42AA-BDA1-80AB2000EEDD}.Release|Any CPU.Build.0 = Release|Any CPU
		{7CFAC2E5-2BFE-4860-B474-CD72FF83254B}.Debug|Any CPU.ActiveCfg = Debug|Any CPU
		{7CFAC2E5-2BFE-4860-B474-CD72FF83254B}.Debug|Any CPU.Build.0 = Debug|Any CPU
		{7CFAC2E5-2BFE-4860-B474-CD72FF83254B}.Release|Any CPU.ActiveCfg = Release|Any CPU
		{7CFAC2E5-2BFE-4860-B474-CD72FF83254B}.Release|Any CPU.Build.0 = Release|Any CPU
	EndGlobalSection
	GlobalSection(SolutionProperties) = preSolution
		HideSolutionNode = FALSE
	EndGlobalSection
EndGlobal
