
Microsoft Visual Studio Solution File, Format Version 12.00
# Visual Studio 15
VisualStudioVersion = 15.0.26430.14
MinimumVisualStudioVersion = 10.0.40219.1
Project("{2150E333-8FDC-42A3-9474-1A3956D46DE8}") = "Solution Items", "Solution Items", "{A5CE22FC-E764-4A0F-AC68-EE1ED5654A5E}"
	ProjectSection(SolutionItems) = preProject
		.editorconfig = .editorconfig
		CollectPackages.cmd = CollectPackages.cmd
		MyFeed_push_all.cmd = MyFeed_push_all.cmd
		NuGet.Config = NuGet.Config
		Projects_Clear.cmd = Projects_Clear.cmd
		QLineFeed_push_all.cmd = QLineFeed_push_all.cmd
		SharedAssemblyInfo.cs = SharedAssemblyInfo.cs
		Solution.ruleset = Solution.ruleset
	EndProjectSection
EndProject
Project("{9A19103F-16F7-4668-BE54-9A1E7A4F7556}") = "KdSoft.Reflection", "KdSoft.Reflection\KdSoft.Reflection.csproj", "{271385C7-CB41-40FE-A7D8-C32399365D36}"
EndProject
Project("{9A19103F-16F7-4668-BE54-9A1E7A4F7556}") = "KdSoft.CodeConfig", "KdSoft.CodeConfig\KdSoft.CodeConfig.csproj", "{F0764048-CEFC-454C-8B29-6447E21024FA}"
EndProject
Project("{9A19103F-16F7-4668-BE54-9A1E7A4F7556}") = "KdSoft.Utils.Portable", "KdSoft.Utils.Portable\KdSoft.Utils.Portable.csproj", "{602B0319-376C-4EB6-A2E2-B093F8670F36}"
EndProject
Project("{9A19103F-16F7-4668-BE54-9A1E7A4F7556}") = "KdSoft.Utils", "KdSoft.Utils\KdSoft.Utils.csproj", "{F21C6AEC-188C-4792-B8E6-E4A4DD3A113B}"
EndProject
Project("{9A19103F-16F7-4668-BE54-9A1E7A4F7556}") = "KdSoft.Common.VeryPortable", "KdSoft.Common.VeryPortable\KdSoft.Common.VeryPortable.csproj", "{85E24FCE-2DCF-4AEF-A171-AB23101D5645}"
EndProject
Project("{9A19103F-16F7-4668-BE54-9A1E7A4F7556}") = "KdSoft.Utils.Tests", "KdSoft.Utils.Tests\KdSoft.Utils.Tests.csproj", "{85D0131A-72F7-42AA-BDA1-80AB2000EEDD}"
EndProject
Project("{9A19103F-16F7-4668-BE54-9A1E7A4F7556}") = "KdSoft.Reflection.Portable", "KdSoft.Reflection.Portable\KdSoft.Reflection.Portable.csproj", "{7CFAC2E5-2BFE-4860-B474-CD72FF83254B}"
EndProject
Project("{9A19103F-16F7-4668-BE54-9A1E7A4F7556}") = "KdSoft.Shared", "KdSoft.Shared\KdSoft.Shared.csproj", "{ED7BD722-D557-491E-9E02-DC0DE4B05E94}"
EndProject
Project("{7CF6DF6D-3B04-46F8-A40B-537D21BCA0B4}") = "Documentation", "documentation\Documentation.shfbproj", "{D936185C-CCDE-42E5-9E97-49033F569FC4}"
EndProject
Project("{9A19103F-16F7-4668-BE54-9A1E7A4F7556}") = "KdSoft.Serialization", "KdSoft.Serialization\KdSoft.Serialization.csproj", "{576A9DA7-6BEF-4F8F-82D8-CC15F6619B01}"
EndProject
Project("{9A19103F-16F7-4668-BE54-9A1E7A4F7556}") = "KdSoft.StreamUtils", "KdSoft.StreamUtils\KdSoft.StreamUtils.csproj", "{F8323298-86A8-4F93-8AEC-A795F5190E91}"
EndProject
Global
	GlobalSection(SolutionConfigurationPlatforms) = preSolution
		Debug|Any CPU = Debug|Any CPU
		Release|Any CPU = Release|Any CPU
	EndGlobalSection
	GlobalSection(ProjectConfigurationPlatforms) = postSolution
		{271385C7-CB41-40FE-A7D8-C32399365D36}.Debug|Any CPU.ActiveCfg = Debug|Any CPU
		{271385C7-CB41-40FE-A7D8-C32399365D36}.Debug|Any CPU.Build.0 = Debug|Any CPU
		{271385C7-CB41-40FE-A7D8-C32399365D36}.Release|Any CPU.ActiveCfg = Release|Any CPU
		{271385C7-CB41-40FE-A7D8-C32399365D36}.Release|Any CPU.Build.0 = Release|Any CPU
		{F0764048-CEFC-454C-8B29-6447E21024FA}.Debug|Any CPU.ActiveCfg = Debug|Any CPU
		{F0764048-CEFC-454C-8B29-6447E21024FA}.Debug|Any CPU.Build.0 = Debug|Any CPU
		{F0764048-CEFC-454C-8B29-6447E21024FA}.Release|Any CPU.ActiveCfg = Release|Any CPU
		{F0764048-CEFC-454C-8B29-6447E21024FA}.Release|Any CPU.Build.0 = Release|Any CPU
		{602B0319-376C-4EB6-A2E2-B093F8670F36}.Debug|Any CPU.ActiveCfg = Debug|Any CPU
		{602B0319-376C-4EB6-A2E2-B093F8670F36}.Debug|Any CPU.Build.0 = Debug|Any CPU
		{602B0319-376C-4EB6-A2E2-B093F8670F36}.Release|Any CPU.ActiveCfg = Release|Any CPU
		{602B0319-376C-4EB6-A2E2-B093F8670F36}.Release|Any CPU.Build.0 = Release|Any CPU
		{F21C6AEC-188C-4792-B8E6-E4A4DD3A113B}.Debug|Any CPU.ActiveCfg = Debug|Any CPU
		{F21C6AEC-188C-4792-B8E6-E4A4DD3A113B}.Debug|Any CPU.Build.0 = Debug|Any CPU
		{F21C6AEC-188C-4792-B8E6-E4A4DD3A113B}.Release|Any CPU.ActiveCfg = Release|Any CPU
		{F21C6AEC-188C-4792-B8E6-E4A4DD3A113B}.Release|Any CPU.Build.0 = Release|Any CPU
		{85E24FCE-2DCF-4AEF-A171-AB23101D5645}.Debug|Any CPU.ActiveCfg = Debug|Any CPU
		{85E24FCE-2DCF-4AEF-A171-AB23101D5645}.Debug|Any CPU.Build.0 = Debug|Any CPU
		{85E24FCE-2DCF-4AEF-A171-AB23101D5645}.Release|Any CPU.ActiveCfg = Release|Any CPU
		{85E24FCE-2DCF-4AEF-A171-AB23101D5645}.Release|Any CPU.Build.0 = Release|Any CPU
		{85D0131A-72F7-42AA-BDA1-80AB2000EEDD}.Debug|Any CPU.ActiveCfg = Debug|Any CPU
		{85D0131A-72F7-42AA-BDA1-80AB2000EEDD}.Debug|Any CPU.Build.0 = Debug|Any CPU
		{85D0131A-72F7-42AA-BDA1-80AB2000EEDD}.Release|Any CPU.ActiveCfg = Release|Any CPU
		{85D0131A-72F7-42AA-BDA1-80AB2000EEDD}.Release|Any CPU.Build.0 = Release|Any CPU
		{7CFAC2E5-2BFE-4860-B474-CD72FF83254B}.Debug|Any CPU.ActiveCfg = Debug|Any CPU
		{7CFAC2E5-2BFE-4860-B474-CD72FF83254B}.Debug|Any CPU.Build.0 = Debug|Any CPU
		{7CFAC2E5-2BFE-4860-B474-CD72FF83254B}.Release|Any CPU.ActiveCfg = Release|Any CPU
		{7CFAC2E5-2BFE-4860-B474-CD72FF83254B}.Release|Any CPU.Build.0 = Release|Any CPU
		{ED7BD722-D557-491E-9E02-DC0DE4B05E94}.Debug|Any CPU.ActiveCfg = Debug|Any CPU
		{ED7BD722-D557-491E-9E02-DC0DE4B05E94}.Debug|Any CPU.Build.0 = Debug|Any CPU
		{ED7BD722-D557-491E-9E02-DC0DE4B05E94}.Release|Any CPU.ActiveCfg = Release|Any CPU
		{ED7BD722-D557-491E-9E02-DC0DE4B05E94}.Release|Any CPU.Build.0 = Release|Any CPU
		{D936185C-CCDE-42E5-9E97-49033F569FC4}.Debug|Any CPU.ActiveCfg = Debug|Any CPU
		{D936185C-CCDE-42E5-9E97-49033F569FC4}.Release|Any CPU.ActiveCfg = Release|Any CPU
		{D936185C-CCDE-42E5-9E97-49033F569FC4}.Release|Any CPU.Build.0 = Release|Any CPU
		{576A9DA7-6BEF-4F8F-82D8-CC15F6619B01}.Debug|Any CPU.ActiveCfg = Debug|Any CPU
		{576A9DA7-6BEF-4F8F-82D8-CC15F6619B01}.Debug|Any CPU.Build.0 = Debug|Any CPU
		{576A9DA7-6BEF-4F8F-82D8-CC15F6619B01}.Release|Any CPU.ActiveCfg = Release|Any CPU
		{576A9DA7-6BEF-4F8F-82D8-CC15F6619B01}.Release|Any CPU.Build.0 = Release|Any CPU
		{F8323298-86A8-4F93-8AEC-A795F5190E91}.Debug|Any CPU.ActiveCfg = Debug|Any CPU
		{F8323298-86A8-4F93-8AEC-A795F5190E91}.Debug|Any CPU.Build.0 = Debug|Any CPU
		{F8323298-86A8-4F93-8AEC-A795F5190E91}.Release|Any CPU.ActiveCfg = Release|Any CPU
		{F8323298-86A8-4F93-8AEC-A795F5190E91}.Release|Any CPU.Build.0 = Release|Any CPU
	EndGlobalSection
	GlobalSection(SolutionProperties) = preSolution
		HideSolutionNode = FALSE
	EndGlobalSection
EndGlobal
