
Microsoft Visual Studio Solution File, Format Version 12.00
# Visual Studio 2013
VisualStudioVersion = 12.0.31101.0
MinimumVisualStudioVersion = 10.0.40219.1
Project("{FAE04EC0-301F-11D3-BF4B-00C04F79EFBC}") = "XpeaSax", "XpeaSax\XpeaSax.csproj", "{0C59C483-8834-42A3-B35A-932EDDC63FC7}"
EndProject
Project("{FAE04EC0-301F-11D3-BF4B-00C04F79EFBC}") = "XpeaExpat", "XpeaExpat\XpeaExpat.csproj", "{E3E9E8D6-4886-437D-A5F2-BC194AD8920C}"
EndProject
Project("{FAE04EC0-301F-11D3-BF4B-00C04F79EFBC}") = "Basic", "Demo\Basic\Basic.csproj", "{D71704E6-2AFE-4699-8CC0-C4F7E924BCE2}"
EndProject
Project("{FAE04EC0-301F-11D3-BF4B-00C04F79EFBC}") = "Transform", "Demo\Transform\Transform.csproj", "{0EE80E47-E0CE-46C5-888B-FB835069D6E6}"
EndProject
Project("{FAE04EC0-301F-11D3-BF4B-00C04F79EFBC}") = "Common", "Demo\Common\Common.csproj", "{92DF73E7-FA00-4F0A-A261-24269985100E}"
EndProject
Project("{FAE04EC0-301F-11D3-BF4B-00C04F79EFBC}") = "XpeaXmlReader", "XpeaXmlReader\XpeaXmlReader.csproj", "{C364F368-8C65-4B3C-A38A-88B964DF7BBE}"
EndProject
Global
	GlobalSection(SolutionConfigurationPlatforms) = preSolution
		Debug|Any CPU = Debug|Any CPU
		Release|Any CPU = Release|Any CPU
	EndGlobalSection
	GlobalSection(ProjectConfigurationPlatforms) = postSolution
		{0C59C483-8834-42A3-B35A-932EDDC63FC7}.Debug|Any CPU.ActiveCfg = Debug|Any CPU
		{0C59C483-8834-42A3-B35A-932EDDC63FC7}.Debug|Any CPU.Build.0 = Debug|Any CPU
		{0C59C483-8834-42A3-B35A-932EDDC63FC7}.Release|Any CPU.ActiveCfg = Release|Any CPU
		{0C59C483-8834-42A3-B35A-932EDDC63FC7}.Release|Any CPU.Build.0 = Release|Any CPU
		{E3E9E8D6-4886-437D-A5F2-BC194AD8920C}.Debug|Any CPU.ActiveCfg = Debug|Any CPU
		{E3E9E8D6-4886-437D-A5F2-BC194AD8920C}.Debug|Any CPU.Build.0 = Debug|Any CPU
		{E3E9E8D6-4886-437D-A5F2-BC194AD8920C}.Release|Any CPU.ActiveCfg = Release|Any CPU
		{E3E9E8D6-4886-437D-A5F2-BC194AD8920C}.Release|Any CPU.Build.0 = Release|Any CPU
		{D71704E6-2AFE-4699-8CC0-C4F7E924BCE2}.Debug|Any CPU.ActiveCfg = Debug|Any CPU
		{D71704E6-2AFE-4699-8CC0-C4F7E924BCE2}.Debug|Any CPU.Build.0 = Debug|Any CPU
		{D71704E6-2AFE-4699-8CC0-C4F7E924BCE2}.Release|Any CPU.ActiveCfg = Release|Any CPU
		{D71704E6-2AFE-4699-8CC0-C4F7E924BCE2}.Release|Any CPU.Build.0 = Release|Any CPU
		{0EE80E47-E0CE-46C5-888B-FB835069D6E6}.Debug|Any CPU.ActiveCfg = Debug|Any CPU
		{0EE80E47-E0CE-46C5-888B-FB835069D6E6}.Debug|Any CPU.Build.0 = Debug|Any CPU
		{0EE80E47-E0CE-46C5-888B-FB835069D6E6}.Release|Any CPU.ActiveCfg = Release|Any CPU
		{0EE80E47-E0CE-46C5-888B-FB835069D6E6}.Release|Any CPU.Build.0 = Release|Any CPU
		{92DF73E7-FA00-4F0A-A261-24269985100E}.Debug|Any CPU.ActiveCfg = Debug|Any CPU
		{92DF73E7-FA00-4F0A-A261-24269985100E}.Debug|Any CPU.Build.0 = Debug|Any CPU
		{92DF73E7-FA00-4F0A-A261-24269985100E}.Release|Any CPU.ActiveCfg = Release|Any CPU
		{92DF73E7-FA00-4F0A-A261-24269985100E}.Release|Any CPU.Build.0 = Release|Any CPU
		{C364F368-8C65-4B3C-A38A-88B964DF7BBE}.Debug|Any CPU.ActiveCfg = Debug|Any CPU
		{C364F368-8C65-4B3C-A38A-88B964DF7BBE}.Debug|Any CPU.Build.0 = Debug|Any CPU
		{C364F368-8C65-4B3C-A38A-88B964DF7BBE}.Release|Any CPU.ActiveCfg = Release|Any CPU
		{C364F368-8C65-4B3C-A38A-88B964DF7BBE}.Release|Any CPU.Build.0 = Release|Any CPU
	EndGlobalSection
	GlobalSection(SolutionProperties) = preSolution
		HideSolutionNode = FALSE
	EndGlobalSection
EndGlobal
